
Microsoft Visual Studio Solution File, Format Version 12.00
# Visual Studio 14
VisualStudioVersion = 14.0.25420.1
MinimumVisualStudioVersion = 10.0.40219.1
Project("{FAE04EC0-301F-11D3-BF4B-00C04F79EFBC}") = "Battle of Two Armies", "Battle of Two Armies\Battle of Two Armies.csproj", "{BFB82515-F2F9-471D-8A5C-8FAC4DB65154}"
EndProject
Global
	GlobalSection(SolutionConfigurationPlatforms) = preSolution
		Debug|Any CPU = Debug|Any CPU
		Release|Any CPU = Release|Any CPU
	EndGlobalSection
	GlobalSection(ProjectConfigurationPlatforms) = postSolution
		{BFB82515-F2F9-471D-8A5C-8FAC4DB65154}.Debug|Any CPU.ActiveCfg = Debug|Any CPU
		{BFB82515-F2F9-471D-8A5C-8FAC4DB65154}.Debug|Any CPU.Build.0 = Debug|Any CPU
		{BFB82515-F2F9-471D-8A5C-8FAC4DB65154}.Release|Any CPU.ActiveCfg = Release|Any CPU
		{BFB82515-F2F9-471D-8A5C-8FAC4DB65154}.Release|Any CPU.Build.0 = Release|Any CPU
	EndGlobalSection
	GlobalSection(SolutionProperties) = preSolution
		HideSolutionNode = FALSE
	EndGlobalSection
EndGlobal
